{
  "version": 4,
  "terraform_version": "1.4.2",
  "serial": 4,
  "lineage": "1060646e-a6c8-601b-6fa0-4a19a5f06fcd",
  "outputs": {},
  "resources": [
    {
      "mode": "managed",
      "type": "google_container_cluster",
      "name": "primary",
      "provider": "provider[\"registry.terraform.io/hashicorp/google\"]",
      "instances": [
        {
          "schema_version": 1,
          "attributes": {
            "addons_config": [
              {
                "cloudrun_config": [],
                "config_connector_config": [],
                "dns_cache_config": [],
                "gce_persistent_disk_csi_driver_config": [
                  {
                    "enabled": true
                  }
                ],
                "gcp_filestore_csi_driver_config": [],
                "gke_backup_agent_config": [],
                "horizontal_pod_autoscaling": [],
                "http_load_balancing": [],
                "network_policy_config": [
                  {
                    "disabled": true
                  }
                ]
              }
            ],
            "authenticator_groups_config": [],
            "binary_authorization": [
              {
                "enabled": false,
                "evaluation_mode": ""
              }
            ],
            "cluster_autoscaling": [
              {
                "auto_provisioning_defaults": [],
                "enabled": false,
                "resource_limits": []
              }
            ],
            "cluster_ipv4_cidr": "10.0.0.0/14",
            "confidential_nodes": [],
            "cost_management_config": [],
            "database_encryption": [
              {
                "key_name": "",
                "state": "DECRYPTED"
              }
            ],
            "datapath_provider": "",
            "default_max_pods_per_node": null,
            "default_snat_status": [
              {
                "disabled": false
              }
            ],
            "description": "",
            "dns_config": [],
            "enable_autopilot": false,
            "enable_binary_authorization": false,
            "enable_intranode_visibility": false,
            "enable_kubernetes_alpha": false,
            "enable_l4_ilb_subsetting": false,
            "enable_legacy_abac": false,
            "enable_shielded_nodes": true,
            "enable_tpu": false,
            "endpoint": "34.134.175.138",
            "gateway_api_config": [],
            "id": "projects/sandbox-387113/locations/us-central1-a/clusters/desafio-globo",
            "initial_node_count": 2,
            "ip_allocation_policy": [],
            "label_fingerprint": "a9dc16a7",
            "location": "us-central1-a",
            "logging_config": [
              {
                "enable_components": [
                  "SYSTEM_COMPONENTS",
                  "WORKLOADS"
                ]
              }
            ],
            "logging_service": "logging.googleapis.com/kubernetes",
            "maintenance_policy": [],
            "master_auth": [
              {
                "client_certificate": "",
                "client_certificate_config": [
                  {
                    "issue_client_certificate": false
                  }
                ],
                "client_key": "",
                "cluster_ca_certificate": "LS0tLS1CRUdJTiBDRVJUSUZJQ0FURS0tLS0tCk1JSUVMVENDQXBXZ0F3SUJBZ0lSQUlieWFxZGExOHl4QXh4RGNDODdCWVV3RFFZSktvWklodmNOQVFFTEJRQXcKTHpFdE1Dc0dBMVVFQXhNa05XUTVObVZqWWpjdE1HSmhZeTAwWldOakxXSXpaRFV0Tm1GbE5qUXpZamc0Tm1ZMApNQ0FYRFRJek1EVXhPREUzTlRnd05Wb1lEekl3TlRNd05URXdNVGcxT0RBMVdqQXZNUzB3S3dZRFZRUURFeVExClpEazJaV05pTnkwd1ltRmpMVFJsWTJNdFlqTmtOUzAyWVdVMk5ETmlPRGcyWmpRd2dnR2lNQTBHQ1NxR1NJYjMKRFFFQkFRVUFBNElCandBd2dnR0tBb0lCZ1FDLzlUNFlEamRWMlZWMmhGWWVzRDVOWVJPbStoMEl0aFJOa3d0ZwpQcnZBMnM4SnVIK3ovRzJBS3lIcXUvSG56eHZTaXBPc0NvVGxzYWFlKzlaQWFHZzE5S0Z3bkJNdVJ5NGFpTkV1CmhCMWMycHc1ZUFTSmhDZU5IbjBpbnQxbWJNdmkvSHlRT3NDMm5DUlh0SHN1aGVvcWw0M1ZRNW1DV1NHV2xrRVEKd05vT3l0YlNhSWdoekF4N1l0S2VyNWVuYm9SemZCVUJqYVpPdjYyUkhRSmNuSVJ6K24wZkdqQ0lGUXRvVDZadwpkUFVkcW9hdjRteC9sVlJyRU1VSUtLTkUzN2FpTkU0N1FBTlp1dnJSYlVrVkVLb1ZGS0VyVTZTOXpTTFFwNE1GCmVHcnloS2UvL3NkVldnUjVxNTB0SlExZFFLTDFLQWU2RExNcEtueEhvMzg4RFN2OVpsSW5BV3k5QWs0MG1rNnkKWmtpem1jNG81Ky8rMUUweDBMcTQvcjhEWW4vclJpbDdhZGRkRmlZQ25URFNHd0dhNFNSTkVJSHZXLytJL1Z2VgpaOTRhOG5FQlN6TVFNY04zem1LNnlsdTJGVG9QdXZOOHlzVEtlbkRSRFgyWWo2WmF4L2FiSFU3NVZ5VDdQV2R1CjZUZHBZTUZNUm9SR1hlbFNvemdSRGVpeDUxOENBd0VBQWFOQ01FQXdEZ1lEVlIwUEFRSC9CQVFEQWdJRU1BOEcKQTFVZEV3RUIvd1FGTUFNQkFmOHdIUVlEVlIwT0JCWUVGRktEZHRLNkpkME9meUw1TndGc2ZOdlp2WUtNTUEwRwpDU3FHU0liM0RRRUJDd1VBQTRJQmdRQWhxV1pqUjJadkJYay9LeFQxMFVnRFBlZWpZT0RQMGlmTlUwMzhUQ2JsClp6QURCOFB6L1VEZmVYZ1dHaVhiT2hTeFpyeFZKZTV2WmpUdE1GTGx5R2pzYjZaNjVGSkVNL1VqU0kxT0thZTgKUnBzckVvNUdzVGFEMC9tUWtZM3FUWnF6cVNjYkhlNDZwMy9aMjc3eDJyMmxrSThjaGpicTVkK3o5OVhEK1luVApFTjlaL3V6OHZ3UVlLU1lCRmdWanlEMWZvQWwvU240VFl0aUYvbm5zQ3JLTXRSamR6RFlrRVlWTzBRVWxzL3FTCnBESnFwRUlZRjNvdVdrRmRFSzFKV1BpbUhoLzM3WS9sc093amc2R1JmUTNlUnhLOUt0U2Nac1dBajRzL28wMGEKY2doQjlUR2MrekRoMFlSd0c0a2QwNG5RWGJvaEhoc2ZuQ2dkbHJla085V2twNlRhR2w1VDdkOXZQRlVMVmVnUQoxN3liajU3aEtURXJhM1AxR0xTc3VsREduclo2T1hWSURvZWQwa2J2NnNrbEJjZFQrVDJsbmZJczVaNHlKVGxtClg0amhIWHhDU1hPOUdqQm5LQTFYUVRaczQ4Yzh3bWQ1MG1KYi9RbGFmRFc1OS9lQ3g3VTdKVjQ4Zmt4RmdiMkMKWnc5SUxSS0tTVWJZRTlBRXd5dnZtOEE9Ci0tLS0tRU5EIENFUlRJRklDQVRFLS0tLS0K"
              }
            ],
            "master_authorized_networks_config": [],
            "master_version": "1.25.8-gke.500",
            "mesh_certificates": [],
            "min_master_version": null,
            "monitoring_config": [
              {
                "enable_components": [
                  "SYSTEM_COMPONENTS"
                ],
                "managed_prometheus": []
              }
            ],
            "monitoring_service": "monitoring.googleapis.com/kubernetes",
            "name": "desafio-globo",
            "network": "projects/sandbox-387113/global/networks/default",
            "network_policy": [
              {
                "enabled": false,
                "provider": "PROVIDER_UNSPECIFIED"
              }
            ],
            "networking_mode": "ROUTES",
            "node_config": [],
            "node_locations": [],
            "node_pool": [],
            "node_pool_defaults": [
              {
                "node_config_defaults": [
                  {
                    "logging_variant": "DEFAULT"
                  }
                ]
              }
            ],
            "node_version": "1.25.8-gke.500",
            "notification_config": [
              {
                "pubsub": [
                  {
                    "enabled": false,
                    "filter": [],
                    "topic": ""
                  }
                ]
              }
            ],
            "operation": null,
            "private_cluster_config": [
              {
                "enable_private_endpoint": false,
                "enable_private_nodes": false,
                "master_global_access_config": [
                  {
                    "enabled": false
                  }
                ],
                "master_ipv4_cidr_block": "",
                "peering_name": "",
                "private_endpoint": "10.128.0.2",
                "private_endpoint_subnetwork": "",
                "public_endpoint": "34.134.175.138"
              }
            ],
            "private_ipv6_google_access": "",
            "project": "sandbox-387113",
            "release_channel": [
              {
                "channel": "REGULAR"
              }
            ],
            "remove_default_node_pool": true,
            "resource_labels": null,
            "resource_usage_export_config": [],
            "self_link": "https://container.googleapis.com/v1/projects/sandbox-387113/zones/us-central1-a/clusters/desafio-globo",
            "service_external_ips_config": [
              {
                "enabled": false
              }
            ],
            "services_ipv4_cidr": "10.3.240.0/20",
            "subnetwork": "projects/sandbox-387113/regions/us-central1/subnetworks/default",
            "timeouts": null,
            "tpu_ipv4_cidr_block": "",
            "vertical_pod_autoscaling": [],
            "workload_identity_config": []
          },
          "sensitive_attributes": [],
          "private": "eyJlMmJmYjczMC1lY2FhLTExZTYtOGY4OC0zNDM2M2JjN2M0YzAiOnsiY3JlYXRlIjoyNDAwMDAwMDAwMDAwLCJkZWxldGUiOjI0MDAwMDAwMDAwMDAsInJlYWQiOjI0MDAwMDAwMDAwMDAsInVwZGF0ZSI6MzYwMDAwMDAwMDAwMH0sInNjaGVtYV92ZXJzaW9uIjoiMSJ9"
        }
      ]
    },
    {
      "mode": "managed",
      "type": "google_container_node_pool",
      "name": "primary_preemptible_nodes",
      "provider": "provider[\"registry.terraform.io/hashicorp/google\"]",
      "instances": [
        {
          "schema_version": 1,
          "attributes": {
            "autoscaling": [],
            "cluster": "desafio-globo",
            "id": "projects/sandbox-387113/locations/us-central1-a/clusters/desafio-globo/nodePools/desafio-pool",
            "initial_node_count": 1,
            "instance_group_urls": [
              "https://www.googleapis.com/compute/v1/projects/sandbox-387113/zones/us-central1-a/instanceGroupManagers/gke-desafio-globo-desafio-pool-06a2422f-grp"
            ],
            "location": "us-central1-a",
            "managed_instance_group_urls": [
              "https://www.googleapis.com/compute/v1/projects/sandbox-387113/zones/us-central1-a/instanceGroups/gke-desafio-globo-desafio-pool-06a2422f-grp"
            ],
            "management": [
              {
                "auto_repair": true,
                "auto_upgrade": true
              }
            ],
            "max_pods_per_node": null,
            "name": "desafio-pool",
            "name_prefix": "",
            "network_config": [
              {
                "create_pod_range": false,
                "enable_private_nodes": false,
                "pod_cidr_overprovision_config": [],
                "pod_ipv4_cidr_block": "",
                "pod_range": ""
              }
            ],
            "node_config": [
              {
                "advanced_machine_features": [],
                "boot_disk_kms_key": "",
                "disk_size_gb": 100,
                "disk_type": "pd-balanced",
                "ephemeral_storage_local_ssd_config": [],
                "gcfs_config": [],
                "guest_accelerator": [],
                "gvnic": [],
                "image_type": "COS_CONTAINERD",
                "kubelet_config": [],
                "labels": {},
                "linux_node_config": [],
                "local_nvme_ssd_block_config": [],
                "local_ssd_count": 0,
                "logging_variant": "DEFAULT",
                "machine_type": "e2-medium",
                "metadata": {
                  "disable-legacy-endpoints": "true"
                },
                "min_cpu_platform": "",
                "node_group": "",
                "oauth_scopes": [
                  "https://www.googleapis.com/auth/devstorage.read_only",
                  "https://www.googleapis.com/auth/logging.write",
                  "https://www.googleapis.com/auth/monitoring",
                  "https://www.googleapis.com/auth/service.management.readonly",
                  "https://www.googleapis.com/auth/servicecontrol",
                  "https://www.googleapis.com/auth/trace.append"
                ],
                "preemptible": true,
                "reservation_affinity": [],
                "resource_labels": null,
                "service_account": "default",
                "shielded_instance_config": [
                  {
                    "enable_integrity_monitoring": true,
                    "enable_secure_boot": false
                  }
                ],
                "spot": false,
                "tags": null,
                "taint": [],
                "workload_metadata_config": []
              }
            ],
            "node_count": 1,
            "node_locations": [
              "us-central1-a"
            ],
            "operation": null,
            "placement_policy": [],
            "project": "sandbox-387113",
            "timeouts": null,
            "upgrade_settings": [
              {
                "blue_green_settings": [],
                "max_surge": 1,
                "max_unavailable": 0,
                "strategy": "SURGE"
              }
            ],
            "version": "1.25.8-gke.500"
          },
          "sensitive_attributes": [],
          "private": "eyJlMmJmYjczMC1lY2FhLTExZTYtOGY4OC0zNDM2M2JjN2M0YzAiOnsiY3JlYXRlIjoxODAwMDAwMDAwMDAwLCJkZWxldGUiOjE4MDAwMDAwMDAwMDAsInVwZGF0ZSI6MTgwMDAwMDAwMDAwMH0sInNjaGVtYV92ZXJzaW9uIjoiMSJ9",
          "dependencies": [
            "google_container_cluster.primary"
          ]
        }
      ]
    }
  ],
  "check_results": null
}
